<?xml version="1.0" encoding="utf-8"?>
<Project ToolsVersion="4.0" xmlns="http://schemas.microsoft.com/developer/msbuild/2003">
  <ItemGroup>
    <Filter Include="ソース ファイル">
      <UniqueIdentifier>{4FC737F1-C7A5-4376-A066-2A32D752A2FF}</UniqueIdentifier>
      <Extensions>cpp;c;cc;cxx;def;odl;idl;hpj;bat;asm;asmx</Extensions>
    </Filter>
    <Filter Include="ヘッダー ファイル">
      <UniqueIdentifier>{93995380-89BD-4b04-88EB-625FBE52EBFB}</UniqueIdentifier>
      <Extensions>h;hh;hpp;hxx;hm;inl;inc;ipp;xsd</Extensions>
    </Filter>
    <Filter Include="リソース ファイル">
      <UniqueIdentifier>{67DA6AB6-F800-4c08-8B7A-83BB121AAD01}</UniqueIdentifier>
      <Extensions>rc;ico;cur;bmp;dlg;rc2;rct;bin;rgs;gif;jpg;jpeg;jpe;resx;tiff;tif;png;wav;mfcribbon-ms</Extensions>
    </Filter>
    <Filter Include="Window">
      <UniqueIdentifier>{d98417b4-9cc8-4a73-b3d8-c834f0560700}</UniqueIdentifier>
    </Filter>
    <Filter Include="Icon">
      <UniqueIdentifier>{2ff7de56-a1d4-4e9b-bbb5-6bdaed00c639}</UniqueIdentifier>
    </Filter>
    <Filter Include="DirectX">
      <UniqueIdentifier>{e14a6d77-30bb-4caa-812c-f8c57e853f2e}</UniqueIdentifier>
    </Filter>
    <Filter Include="DirectX\Fence">
      <UniqueIdentifier>{ca5b48c1-76b5-4e3b-b856-575a7823fea5}</UniqueIdentifier>
    </Filter>
    <Filter Include="DirectX\Device">
      <UniqueIdentifier>{124577db-9d0b-4542-a1ac-44b7c7696a5e}</UniqueIdentifier>
    </Filter>
    <Filter Include="DirectX\Descriptor">
      <UniqueIdentifier>{1929cbc7-71b2-43bb-899f-7838f4b5c712}</UniqueIdentifier>
    </Filter>
    <Filter Include="DirectX\Debug">
      <UniqueIdentifier>{36fbf9fc-cfe8-4c1a-8280-fc210afb4fb3}</UniqueIdentifier>
    </Filter>
    <Filter Include="DirectX\Command">
      <UniqueIdentifier>{200fe930-c5e5-4598-b7b2-0a0516a87e31}</UniqueIdentifier>
    </Filter>
    <Filter Include="DirectX\Pipe">
      <UniqueIdentifier>{89381089-292d-44ed-9cc3-0a768aece513}</UniqueIdentifier>
    </Filter>
    <Filter Include="DirectX\Root">
      <UniqueIdentifier>{0228ce74-d290-4ec9-bc12-c222648e624f}</UniqueIdentifier>
    </Filter>
    <Filter Include="DirectX\Obj">
      <UniqueIdentifier>{42b12cbb-1124-4ea2-bfd8-d544e856dcd9}</UniqueIdentifier>
    </Filter>
    <Filter Include="DirectX\Swap">
      <UniqueIdentifier>{688d223c-01f7-4551-aafc-c668864b211f}</UniqueIdentifier>
    </Filter>
    <Filter Include="DirectX\Union">
      <UniqueIdentifier>{30f1bc43-dae7-4520-b846-706c7da656bc}</UniqueIdentifier>
    </Filter>
    <Filter Include="DirectX\Texture">
      <UniqueIdentifier>{49969d0a-7ff1-46ef-9afc-a9c06ff671de}</UniqueIdentifier>
    </Filter>
    <Filter Include="ヘッダー ファイル\Vector">
      <UniqueIdentifier>{805e1247-f74c-43fe-9f84-0ffeec0fa200}</UniqueIdentifier>
    </Filter>
    <Filter Include="Sound">
      <UniqueIdentifier>{52b60245-9e1d-4490-ac1d-b519000fcf3e}</UniqueIdentifier>
    </Filter>
    <Filter Include="Input">
      <UniqueIdentifier>{d27a345b-14c2-4663-a09b-97a62e01ac41}</UniqueIdentifier>
    </Filter>
    <Filter Include="リソース ファイル\Shader">
      <UniqueIdentifier>{4574d4b7-421d-4d05-b17c-51518360e122}</UniqueIdentifier>
    </Filter>
  </ItemGroup>
  <ItemGroup>
    <ClInclude Include="Window\Window.h">
      <Filter>Window</Filter>
    </ClInclude>
    <ClInclude Include="Icon\Icon.h">
      <Filter>Icon</Filter>
    </ClInclude>
    <ClInclude Include="DirectX\Union.h">
      <Filter>DirectX\Union</Filter>
    </ClInclude>
    <ClInclude Include="DirectX\Obj.h">
      <Filter>DirectX\Obj</Filter>
    </ClInclude>
    <ClInclude Include="DirectX\Device.h">
      <Filter>DirectX\Device</Filter>
    </ClInclude>
    <ClInclude Include="DirectX\Debug.h">
      <Filter>DirectX\Debug</Filter>
    </ClInclude>
    <ClInclude Include="DirectX\Command\Command.h">
      <Filter>DirectX\Command</Filter>
    </ClInclude>
    <ClInclude Include="DirectX\Command\Queue.h">
      <Filter>DirectX\Command</Filter>
    </ClInclude>
    <ClInclude Include="DirectX\Command\List.h">
      <Filter>DirectX\Command</Filter>
    </ClInclude>
    <ClInclude Include="DirectX\Swap.h">
      <Filter>DirectX\Swap</Filter>
    </ClInclude>
    <ClInclude Include="DirectX\Descriptor\Descriptor.h">
      <Filter>DirectX\Descriptor</Filter>
    </ClInclude>
    <ClInclude Include="DirectX\Descriptor\Render.h">
      <Filter>DirectX\Descriptor</Filter>
    </ClInclude>
    <ClInclude Include="DirectX\Descriptor\Depth.h">
      <Filter>DirectX\Descriptor</Filter>
    </ClInclude>
    <ClInclude Include="DirectX\Fence.h">
      <Filter>DirectX\Fence</Filter>
    </ClInclude>
    <ClInclude Include="DirectX\Root.h">
      <Filter>DirectX\Root</Filter>
    </ClInclude>
    <ClInclude Include="DirectX\Pipe.h">
      <Filter>DirectX\Pipe</Filter>
    </ClInclude>
    <ClInclude Include="etc\Typedef.h">
      <Filter>ヘッダー ファイル</Filter>
    </ClInclude>
    <ClInclude Include="DirectX\Descriptor\Constant.h">
      <Filter>DirectX\Descriptor</Filter>
    </ClInclude>
    <ClInclude Include="DirectX\Texture\Texture.h">
      <Filter>DirectX\Texture</Filter>
    </ClInclude>
    <ClInclude Include="DirectX\Texture\WICTextureLoader12.h">
      <Filter>DirectX\Texture</Filter>
    </ClInclude>
    <ClInclude Include="etc\Vector2.h">
      <Filter>ヘッダー ファイル\Vector</Filter>
    </ClInclude>
    <ClInclude Include="etc\Vector3.h">
      <Filter>ヘッダー ファイル\Vector</Filter>
    </ClInclude>
    <ClInclude Include="Input\Input.h">
      <Filter>Input</Filter>
    </ClInclude>
    <ClInclude Include="Input\KeyData.h">
      <Filter>Input</Filter>
    </ClInclude>
    <ClInclude Include="Sound\WAVE.h">
      <Filter>Sound</Filter>
    </ClInclude>
    <ClInclude Include="Sound\VoiceCallback.h">
      <Filter>Sound</Filter>
    </ClInclude>
    <ClInclude Include="Sound\Xaudio2.h">
      <Filter>Sound</Filter>
    </ClInclude>
    <ClInclude Include="Func.h">
      <Filter>ヘッダー ファイル</Filter>
    </ClInclude>
    <ClInclude Include="Sound\MIDI_IN.h">
      <Filter>Sound</Filter>
    </ClInclude>
  </ItemGroup>
  <ItemGroup>
    <ClCompile Include="Window\Window.cpp">
      <Filter>Window</Filter>
    </ClCompile>
    <ClCompile Include="Main.cpp">
      <Filter>ソース ファイル</Filter>
    </ClCompile>
    <ClCompile Include="DirectX\Union.cpp">
      <Filter>DirectX\Union</Filter>
    </ClCompile>
    <ClCompile Include="DirectX\Device.cpp">
      <Filter>DirectX\Device</Filter>
    </ClCompile>
    <ClCompile Include="DirectX\Debug.cpp">
      <Filter>DirectX\Debug</Filter>
    </ClCompile>
    <ClCompile Include="DirectX\Command\Queue.cpp">
      <Filter>DirectX\Command</Filter>
    </ClCompile>
    <ClCompile Include="DirectX\Command\List.cpp">
      <Filter>DirectX\Command</Filter>
    </ClCompile>
    <ClCompile Include="DirectX\Swap.cpp">
      <Filter>DirectX\Swap</Filter>
    </ClCompile>
    <ClCompile Include="DirectX\Descriptor\Descriptor.cpp">
      <Filter>DirectX\Descriptor</Filter>
    </ClCompile>
    <ClCompile Include="DirectX\Descriptor\Render.cpp">
      <Filter>DirectX\Descriptor</Filter>
    </ClCompile>
    <ClCompile Include="DirectX\Descriptor\Depth.cpp">
      <Filter>DirectX\Descriptor</Filter>
    </ClCompile>
    <ClCompile Include="DirectX\Fence.cpp">
      <Filter>DirectX\Fence</Filter>
    </ClCompile>
    <ClCompile Include="DirectX\Root.cpp">
      <Filter>DirectX\Root</Filter>
    </ClCompile>
    <ClCompile Include="DirectX\Pipe.cpp">
      <Filter>DirectX\Pipe</Filter>
    </ClCompile>
    <ClCompile Include="DirectX\Descriptor\Constant.cpp">
      <Filter>DirectX\Descriptor</Filter>
    </ClCompile>
    <ClCompile Include="DirectX\Texture\Texture.cpp">
      <Filter>DirectX\Texture</Filter>
    </ClCompile>
    <ClCompile Include="DirectX\Texture\WICTextureLoader12.cpp">
      <Filter>DirectX\Texture</Filter>
    </ClCompile>
    <ClCompile Include="Input\Input.cpp">
      <Filter>Input</Filter>
    </ClCompile>
    <ClCompile Include="Sound\WAVE.cpp">
      <Filter>Sound</Filter>
    </ClCompile>
    <ClCompile Include="Sound\Xaudio2.cpp">
      <Filter>Sound</Filter>
    </ClCompile>
    <ClCompile Include="Func.cpp">
      <Filter>ソース ファイル</Filter>
    </ClCompile>
    <ClCompile Include="Sound\MIDI_IN.cpp">
      <Filter>Sound</Filter>
    </ClCompile>
  </ItemGroup>
  <ItemGroup>
    <ResourceCompile Include="Icon\Icon.rc">
      <Filter>リソース ファイル</Filter>
    </ResourceCompile>
  </ItemGroup>
  <ItemGroup>
    <FxCompile Include="Shader\BasicShader.hlsl">
      <Filter>リソース ファイル\Shader</Filter>
    </FxCompile>
  </ItemGroup>
</Project>