<?xml version="1.0" encoding="utf-8"?>
<Project ToolsVersion="4.0" xmlns="http://schemas.microsoft.com/developer/msbuild/2003">
  <ItemGroup>
    <Filter Include="ソース ファイル">
      <UniqueIdentifier>{4FC737F1-C7A5-4376-A066-2A32D752A2FF}</UniqueIdentifier>
      <Extensions>cpp;c;cc;cxx;def;odl;idl;hpj;bat;asm;asmx</Extensions>
    </Filter>
    <Filter Include="ヘッダー ファイル">
      <UniqueIdentifier>{93995380-89BD-4b04-88EB-625FBE52EBFB}</UniqueIdentifier>
      <Extensions>h;hh;hpp;hxx;hm;inl;inc;ipp;xsd</Extensions>
    </Filter>
    <Filter Include="リソース ファイル">
      <UniqueIdentifier>{67DA6AB6-F800-4c08-8B7A-83BB121AAD01}</UniqueIdentifier>
      <Extensions>rc;ico;cur;bmp;dlg;rc2;rct;bin;rgs;gif;jpg;jpeg;jpe;resx;tiff;tif;png;wav;mfcribbon-ms</Extensions>
    </Filter>
    <Filter Include="リソース ファイル\Shader">
      <UniqueIdentifier>{83b4158d-b4e3-42c9-a7d0-3c58fb8569d6}</UniqueIdentifier>
    </Filter>
    <Filter Include="Source">
      <UniqueIdentifier>{2ea8ba8a-1f41-4261-84a2-d75cb2cb0d9e}</UniqueIdentifier>
    </Filter>
    <Filter Include="Source\MIDI">
      <UniqueIdentifier>{43a50cb3-bf2f-4f0b-9a09-33807676142c}</UniqueIdentifier>
    </Filter>
    <Filter Include="Source\MIDI\In">
      <UniqueIdentifier>{5b65c00c-2e53-4583-8356-d3a6e5fe3d64}</UniqueIdentifier>
    </Filter>
    <Filter Include="Source\MIDI\Out">
      <UniqueIdentifier>{b78eca47-cabd-4d32-9783-648eb9525cd5}</UniqueIdentifier>
    </Filter>
    <Filter Include="Source\BaseObj">
      <UniqueIdentifier>{709c0769-5f53-48da-aac9-d5ec034ab500}</UniqueIdentifier>
    </Filter>
    <Filter Include="Source\Command">
      <UniqueIdentifier>{81565a5d-858e-476b-9643-514bcc937641}</UniqueIdentifier>
    </Filter>
    <Filter Include="Source\Command\List">
      <UniqueIdentifier>{193d19b7-759c-4ebe-9f79-d2bb44b136a2}</UniqueIdentifier>
    </Filter>
    <Filter Include="Source\Command\Queue">
      <UniqueIdentifier>{6afef552-9418-484d-9395-4127bf6d5882}</UniqueIdentifier>
    </Filter>
    <Filter Include="Source\Compiler">
      <UniqueIdentifier>{be2cf414-1a7f-4d48-b471-d849e59d6401}</UniqueIdentifier>
    </Filter>
    <Filter Include="Source\Debug">
      <UniqueIdentifier>{89e2e282-35db-41d2-b992-ce7cbf8af106}</UniqueIdentifier>
    </Filter>
    <Filter Include="Source\Descriptor">
      <UniqueIdentifier>{38fe23aa-ddbe-4112-b171-b5cca7d1b070}</UniqueIdentifier>
    </Filter>
    <Filter Include="Source\Descriptor\ConstantBuffer">
      <UniqueIdentifier>{d7d161f0-5a02-4192-bcd6-d0e00452f6a1}</UniqueIdentifier>
    </Filter>
    <Filter Include="Source\Descriptor\DepthStensil">
      <UniqueIdentifier>{c8738017-d165-484b-a57c-f48df118dadf}</UniqueIdentifier>
    </Filter>
    <Filter Include="Source\Descriptor\RenderTarget">
      <UniqueIdentifier>{f2525f4b-f6a2-45f2-8191-4cf4af65b194}</UniqueIdentifier>
    </Filter>
    <Filter Include="Source\Device">
      <UniqueIdentifier>{97abe6b7-a8d4-4010-b50f-a0ff5ae4e6ac}</UniqueIdentifier>
    </Filter>
    <Filter Include="Source\DirectInput">
      <UniqueIdentifier>{8d189059-7493-4149-bbdb-1c5ed71becfa}</UniqueIdentifier>
    </Filter>
    <Filter Include="Source\Draw">
      <UniqueIdentifier>{9f50fe6d-ab44-453c-becb-1a87e717cbea}</UniqueIdentifier>
    </Filter>
    <Filter Include="Source\Draw\Box">
      <UniqueIdentifier>{ed57c0c4-143b-482c-81a2-e64223f3351b}</UniqueIdentifier>
    </Filter>
    <Filter Include="Source\Draw\Line">
      <UniqueIdentifier>{4abb9817-b211-4fea-88ba-18f7b959d6d3}</UniqueIdentifier>
    </Filter>
    <Filter Include="Source\Draw\Point">
      <UniqueIdentifier>{a7d5f2e5-9ce5-4029-862e-6815d0e5f45f}</UniqueIdentifier>
    </Filter>
    <Filter Include="Source\etc">
      <UniqueIdentifier>{ba8b8245-10b7-4236-8ade-c4e5934ed329}</UniqueIdentifier>
    </Filter>
    <Filter Include="Source\Fence">
      <UniqueIdentifier>{c0b7cd28-cb51-4a6b-aa4a-54ede514d5d5}</UniqueIdentifier>
    </Filter>
    <Filter Include="Source\Func">
      <UniqueIdentifier>{853dad15-d561-4bf9-a25c-eb43451df966}</UniqueIdentifier>
    </Filter>
    <Filter Include="Source\Icon">
      <UniqueIdentifier>{8c819d66-fff5-47de-8738-3da3aced17a5}</UniqueIdentifier>
    </Filter>
    <Filter Include="Source\PipeLine">
      <UniqueIdentifier>{d88b35f0-8186-4067-93cf-9bd51127579b}</UniqueIdentifier>
    </Filter>
    <Filter Include="Source\PMD">
      <UniqueIdentifier>{9f7df391-3270-45d1-af88-6a6fc653d49c}</UniqueIdentifier>
    </Filter>
    <Filter Include="Source\RootSignature">
      <UniqueIdentifier>{56f668a8-9531-4ce5-aa67-f24e62eb4d81}</UniqueIdentifier>
    </Filter>
    <Filter Include="Source\SwapChain">
      <UniqueIdentifier>{6a0f526a-9501-4fc6-b94d-4a5558796542}</UniqueIdentifier>
    </Filter>
    <Filter Include="Source\Texture">
      <UniqueIdentifier>{e09b0d3d-309a-412c-b51f-096e63beff80}</UniqueIdentifier>
    </Filter>
    <Filter Include="Source\Union">
      <UniqueIdentifier>{1ab2f037-5530-40de-999a-232be86bf558}</UniqueIdentifier>
    </Filter>
    <Filter Include="Source\VMD">
      <UniqueIdentifier>{14826b21-dd3a-4315-b9c1-4901d972b0cf}</UniqueIdentifier>
    </Filter>
    <Filter Include="Source\WAVE">
      <UniqueIdentifier>{21733a2d-3695-403f-9a3b-cf196e16c2f8}</UniqueIdentifier>
    </Filter>
    <Filter Include="Source\Window">
      <UniqueIdentifier>{428b988f-fb61-4689-a9a9-e574367f9c07}</UniqueIdentifier>
    </Filter>
    <Filter Include="Source\Xaudio2">
      <UniqueIdentifier>{5bf2d283-529d-46e4-b8ae-f212dc14bd43}</UniqueIdentifier>
    </Filter>
    <Filter Include="GameSource">
      <UniqueIdentifier>{fa32749a-1ca8-4992-a11e-1a656e0f14d0}</UniqueIdentifier>
    </Filter>
    <Filter Include="GameSource\Game">
      <UniqueIdentifier>{672b9a08-7309-433d-9f9d-0c3f8e823094}</UniqueIdentifier>
    </Filter>
    <Filter Include="GameSource\Editor">
      <UniqueIdentifier>{be830bde-b0eb-4bee-8923-a9a39424be06}</UniqueIdentifier>
    </Filter>
    <Filter Include="GameSource\Scene">
      <UniqueIdentifier>{34271e42-2def-4aae-9460-65410432cb07}</UniqueIdentifier>
    </Filter>
    <Filter Include="GameSource\Scene\Edit">
      <UniqueIdentifier>{30968cb4-d826-4352-8eb6-3b6eb4284f88}</UniqueIdentifier>
    </Filter>
    <Filter Include="GameSource\Scene\Play">
      <UniqueIdentifier>{b28fcffb-4e66-4c7d-bfe7-a1f15d9b37b2}</UniqueIdentifier>
    </Filter>
    <Filter Include="GameSource\Scene\Select">
      <UniqueIdentifier>{2407da3b-8af1-4381-a0b9-713119f13378}</UniqueIdentifier>
    </Filter>
    <Filter Include="GameSource\Scene\Result">
      <UniqueIdentifier>{f3f7d411-24e5-4b5f-83f3-31bc81fd636e}</UniqueIdentifier>
    </Filter>
    <Filter Include="GameSource\Scene\Title">
      <UniqueIdentifier>{ef87b7f6-612f-4d69-b56e-ce3e5cd08055}</UniqueIdentifier>
    </Filter>
    <Filter Include="GameSource\etc">
      <UniqueIdentifier>{a649fe6e-da92-4562-89dd-e59cea785973}</UniqueIdentifier>
    </Filter>
    <Filter Include="GameSource\Object">
      <UniqueIdentifier>{cc3c8987-cba7-49fd-acd7-2edd8dab9ebb}</UniqueIdentifier>
    </Filter>
    <Filter Include="GameSource\Object\Notes">
      <UniqueIdentifier>{3913f062-37a4-4ea6-8d82-34d9e012ce2c}</UniqueIdentifier>
    </Filter>
  </ItemGroup>
  <ItemGroup>
    <ClInclude Include="Source\BaseObj\Obj.h">
      <Filter>Source\BaseObj</Filter>
    </ClInclude>
    <ClInclude Include="Source\Device\Device.h">
      <Filter>Source\Device</Filter>
    </ClInclude>
    <ClInclude Include="Source\Command\Command.h">
      <Filter>Source\Command</Filter>
    </ClInclude>
    <ClInclude Include="Source\Command\List\List.h">
      <Filter>Source\Command\List</Filter>
    </ClInclude>
    <ClInclude Include="Source\Command\Queue\Queue.h">
      <Filter>Source\Command\Queue</Filter>
    </ClInclude>
    <ClInclude Include="Source\Compiler\Compiler.h">
      <Filter>Source\Compiler</Filter>
    </ClInclude>
    <ClInclude Include="Source\Descriptor\ConstantBuffer\Constant.h">
      <Filter>Source\Descriptor\ConstantBuffer</Filter>
    </ClInclude>
    <ClInclude Include="Source\Descriptor\DepthStencil\Depth.h">
      <Filter>Source\Descriptor\DepthStensil</Filter>
    </ClInclude>
    <ClInclude Include="Source\Descriptor\RenderTarget\Render.h">
      <Filter>Source\Descriptor\RenderTarget</Filter>
    </ClInclude>
    <ClInclude Include="Source\Descriptor\Descriptor.h">
      <Filter>Source\Descriptor</Filter>
    </ClInclude>
    <ClInclude Include="Source\DirectInput\KeyData.h">
      <Filter>Source\DirectInput</Filter>
    </ClInclude>
    <ClInclude Include="Source\DirectInput\Input.h">
      <Filter>Source\DirectInput</Filter>
    </ClInclude>
    <ClInclude Include="Source\DirectInput\InputData.h">
      <Filter>Source\DirectInput</Filter>
    </ClInclude>
    <ClInclude Include="Source\Draw\Box\Box.h">
      <Filter>Source\Draw\Box</Filter>
    </ClInclude>
    <ClInclude Include="Source\Draw\Line\Line.h">
      <Filter>Source\Draw\Line</Filter>
    </ClInclude>
    <ClInclude Include="Source\Draw\Point\Point.h">
      <Filter>Source\Draw\Point</Filter>
    </ClInclude>
    <ClInclude Include="Source\etc\Vector2.h">
      <Filter>Source\etc</Filter>
    </ClInclude>
    <ClInclude Include="Source\etc\Vector3.h">
      <Filter>Source\etc</Filter>
    </ClInclude>
    <ClInclude Include="Source\etc\Typedef.h">
      <Filter>Source\etc</Filter>
    </ClInclude>
    <ClInclude Include="Source\Fence\Fence.h">
      <Filter>Source\Fence</Filter>
    </ClInclude>
    <ClInclude Include="Source\Func\Func.h">
      <Filter>Source\Func</Filter>
    </ClInclude>
    <ClInclude Include="Source\Icon\Icon.h">
      <Filter>Source\Icon</Filter>
    </ClInclude>
    <ClInclude Include="Source\MIDI\In\MIDI_IN.h">
      <Filter>Source\MIDI\In</Filter>
    </ClInclude>
    <ClInclude Include="Source\MIDI\NoteNomber.h">
      <Filter>Source\MIDI</Filter>
    </ClInclude>
    <ClInclude Include="Source\PipeLine\Pipe.h">
      <Filter>Source\PipeLine</Filter>
    </ClInclude>
    <ClInclude Include="Source\PMD\PMD.h">
      <Filter>Source\PMD</Filter>
    </ClInclude>
    <ClInclude Include="Source\PMD\PmdData.h">
      <Filter>Source\PMD</Filter>
    </ClInclude>
    <ClInclude Include="Source\RootSignature\Root.h">
      <Filter>Source\RootSignature</Filter>
    </ClInclude>
    <ClInclude Include="Source\SwapChain\Swap.h">
      <Filter>Source\SwapChain</Filter>
    </ClInclude>
    <ClInclude Include="Source\Texture\WICTextureLoader12.h">
      <Filter>Source\Texture</Filter>
    </ClInclude>
    <ClInclude Include="Source\Texture\Texture.h">
      <Filter>Source\Texture</Filter>
    </ClInclude>
    <ClInclude Include="Source\Union\Union.h">
      <Filter>Source\Union</Filter>
    </ClInclude>
    <ClInclude Include="Source\VMD\VmdDate.h">
      <Filter>Source\VMD</Filter>
    </ClInclude>
    <ClInclude Include="Source\VMD\VMD.h">
      <Filter>Source\VMD</Filter>
    </ClInclude>
    <ClInclude Include="Source\WAVE\WAVE.h">
      <Filter>Source\WAVE</Filter>
    </ClInclude>
    <ClInclude Include="Source\Window\Window.h">
      <Filter>Source\Window</Filter>
    </ClInclude>
    <ClInclude Include="Source\Xaudio2\Xaudio2.h">
      <Filter>Source\Xaudio2</Filter>
    </ClInclude>
    <ClInclude Include="Source\Xaudio2\VoiceCallback.h">
      <Filter>Source\Xaudio2</Filter>
    </ClInclude>
    <ClInclude Include="Source\etc\tstring.h">
      <Filter>Source\etc</Filter>
    </ClInclude>
    <ClInclude Include="Source\MIDI\Out\MIDI_OUT.h">
      <Filter>Source\MIDI\Out</Filter>
    </ClInclude>
    <ClInclude Include="GameSource\Game\Game.h">
      <Filter>GameSource\Game</Filter>
    </ClInclude>
    <ClInclude Include="GameSource\Editor\Editor.h">
      <Filter>GameSource\Editor</Filter>
    </ClInclude>
    <ClInclude Include="GameSource\Editor\Character.h">
      <Filter>GameSource\Editor</Filter>
    </ClInclude>
    <ClInclude Include="GameSource\Scene\Scene.h">
      <Filter>GameSource\Scene</Filter>
    </ClInclude>
    <ClInclude Include="GameSource\Scene\Edit\Edit.h">
      <Filter>GameSource\Scene\Edit</Filter>
    </ClInclude>
    <ClInclude Include="GameSource\Scene\Play\Play.h">
      <Filter>GameSource\Scene\Play</Filter>
    </ClInclude>
    <ClInclude Include="GameSource\Scene\Select\Select.h">
      <Filter>GameSource\Scene\Select</Filter>
    </ClInclude>
    <ClInclude Include="GameSource\Scene\Result\Result.h">
      <Filter>GameSource\Scene\Result</Filter>
    </ClInclude>
    <ClInclude Include="GameSource\Scene\Title\Title.h">
      <Filter>GameSource\Scene\Title</Filter>
    </ClInclude>
    <ClInclude Include="GameSource\etc\Share.h">
      <Filter>GameSource\etc</Filter>
    </ClInclude>
    <ClInclude Include="Source\Debuger\Debug.h">
      <Filter>Source\Debug</Filter>
    </ClInclude>
    <ClInclude Include="GameSource\Object\BaseObj.h">
      <Filter>GameSource\Object</Filter>
    </ClInclude>
  </ItemGroup>
  <ItemGroup>
    <ClCompile Include="Source\Device\Device.cpp">
      <Filter>Source\Device</Filter>
    </ClCompile>
    <ClCompile Include="Source\Command\List\List.cpp">
      <Filter>Source\Command\List</Filter>
    </ClCompile>
    <ClCompile Include="Source\Command\Queue\Queue.cpp">
      <Filter>Source\Command\Queue</Filter>
    </ClCompile>
    <ClCompile Include="Source\Compiler\Compiler.cpp">
      <Filter>Source\Compiler</Filter>
    </ClCompile>
    <ClCompile Include="Source\Descriptor\ConstantBuffer\Constant.cpp">
      <Filter>Source\Descriptor\ConstantBuffer</Filter>
    </ClCompile>
    <ClCompile Include="Source\Descriptor\DepthStencil\Depth.cpp">
      <Filter>Source\Descriptor\DepthStensil</Filter>
    </ClCompile>
    <ClCompile Include="Source\Descriptor\RenderTarget\Render.cpp">
      <Filter>Source\Descriptor\RenderTarget</Filter>
    </ClCompile>
    <ClCompile Include="Source\Descriptor\Descriptor.cpp">
      <Filter>Source\Descriptor</Filter>
    </ClCompile>
    <ClCompile Include="Source\DirectInput\Input.cpp">
      <Filter>Source\DirectInput</Filter>
    </ClCompile>
    <ClCompile Include="Source\Draw\Box\Box.cpp">
      <Filter>Source\Draw\Box</Filter>
    </ClCompile>
    <ClCompile Include="Source\Draw\Line\Line.cpp">
      <Filter>Source\Draw\Line</Filter>
    </ClCompile>
    <ClCompile Include="Source\Draw\Point\Point.cpp">
      <Filter>Source\Draw\Point</Filter>
    </ClCompile>
    <ClCompile Include="Source\Fence\Fence.cpp">
      <Filter>Source\Fence</Filter>
    </ClCompile>
    <ClCompile Include="Source\Func\Func.cpp">
      <Filter>Source\Func</Filter>
    </ClCompile>
    <ClCompile Include="Source\MIDI\In\MIDI_IN.cpp">
      <Filter>Source\MIDI\In</Filter>
    </ClCompile>
    <ClCompile Include="Source\PipeLine\Pipe.cpp">
      <Filter>Source\PipeLine</Filter>
    </ClCompile>
    <ClCompile Include="Source\PMD\PMD.cpp">
      <Filter>Source\PMD</Filter>
    </ClCompile>
    <ClCompile Include="Source\RootSignature\Root.cpp">
      <Filter>Source\RootSignature</Filter>
    </ClCompile>
    <ClCompile Include="Source\SwapChain\Swap.cpp">
      <Filter>Source\SwapChain</Filter>
    </ClCompile>
    <ClCompile Include="Source\Texture\Texture.cpp">
      <Filter>Source\Texture</Filter>
    </ClCompile>
    <ClCompile Include="Source\Texture\WICTextureLoader12.cpp">
      <Filter>Source\Texture</Filter>
    </ClCompile>
    <ClCompile Include="Source\Union\Union.cpp">
      <Filter>Source\Union</Filter>
    </ClCompile>
    <ClCompile Include="Source\VMD\VMD.cpp">
      <Filter>Source\VMD</Filter>
    </ClCompile>
    <ClCompile Include="Source\WAVE\WAVE.cpp">
      <Filter>Source\WAVE</Filter>
    </ClCompile>
    <ClCompile Include="Source\Window\Window.cpp">
      <Filter>Source\Window</Filter>
    </ClCompile>
    <ClCompile Include="Source\Xaudio2\Xaudio2.cpp">
      <Filter>Source\Xaudio2</Filter>
    </ClCompile>
    <ClCompile Include="Source\Main.cpp">
      <Filter>ソース ファイル</Filter>
    </ClCompile>
    <ClCompile Include="Source\MIDI\Out\MIDI_OUT.cpp">
      <Filter>Source\MIDI\Out</Filter>
    </ClCompile>
    <ClCompile Include="GameSource\Game\Game.cpp">
      <Filter>GameSource\Game</Filter>
    </ClCompile>
    <ClCompile Include="GameSource\Editor\Editor.cpp">
      <Filter>GameSource\Editor</Filter>
    </ClCompile>
    <ClCompile Include="GameSource\Scene\Scene.cpp">
      <Filter>GameSource\Scene</Filter>
    </ClCompile>
    <ClCompile Include="GameSource\Scene\Edit\Edit.cpp">
      <Filter>GameSource\Scene\Edit</Filter>
    </ClCompile>
    <ClCompile Include="GameSource\Scene\Play\Play.cpp">
      <Filter>GameSource\Scene\Play</Filter>
    </ClCompile>
    <ClCompile Include="GameSource\Scene\Select\Select.cpp">
      <Filter>GameSource\Scene\Select</Filter>
    </ClCompile>
    <ClCompile Include="GameSource\Scene\Result\Result.cpp">
      <Filter>GameSource\Scene\Result</Filter>
    </ClCompile>
    <ClCompile Include="GameSource\Scene\Title\Title.cpp">
      <Filter>GameSource\Scene\Title</Filter>
    </ClCompile>
    <ClCompile Include="Source\Debuger\Debug.cpp">
      <Filter>Source\Debug</Filter>
    </ClCompile>
    <ClCompile Include="GameSource\Object\BaseObj.cpp">
      <Filter>GameSource\Object</Filter>
    </ClCompile>
  </ItemGroup>
  <ItemGroup>
    <ResourceCompile Include="Source\Icon\Icon.rc">
      <Filter>Source\Icon</Filter>
    </ResourceCompile>
  </ItemGroup>
  <ItemGroup>
    <FxCompile Include="Source\Shader\BasicShader.hlsl">
      <Filter>リソース ファイル\Shader</Filter>
    </FxCompile>
    <FxCompile Include="Source\Shader\ModelShader.hlsl">
      <Filter>リソース ファイル\Shader</Filter>
    </FxCompile>
    <FxCompile Include="Source\Shader\PointShader.hlsl">
      <Filter>リソース ファイル\Shader</Filter>
    </FxCompile>
  </ItemGroup>
</Project>